
Microsoft Visual Studio Solution File, Format Version 12.00
# Visual Studio Version 17
VisualStudioVersion = 17.7.34202.233
MinimumVisualStudioVersion = 10.0.40219.1
Project("{FAE04EC0-301F-11D3-BF4B-00C04F79EFBC}") = "WindowsFormsApp1", "WindowsFormsApp1\WindowsFormsApp1.csproj", "{AB567B58-7521-4C8B-88B0-8EEBA27A6D72}"
EndProject
Global
	GlobalSection(SolutionConfigurationPlatforms) = preSolution
		Debug|Any CPU = Debug|Any CPU
		Release|Any CPU = Release|Any CPU
	EndGlobalSection
	GlobalSection(ProjectConfigurationPlatforms) = postSolution
		{AB567B58-7521-4C8B-88B0-8EEBA27A6D72}.Debug|Any CPU.ActiveCfg = Debug|Any CPU
		{AB567B58-7521-4C8B-88B0-8EEBA27A6D72}.Debug|Any CPU.Build.0 = Debug|Any CPU
		{AB567B58-7521-4C8B-88B0-8EEBA27A6D72}.Release|Any CPU.ActiveCfg = Release|Any CPU
		{AB567B58-7521-4C8B-88B0-8EEBA27A6D72}.Release|Any CPU.Build.0 = Release|Any CPU
	EndGlobalSection
	GlobalSection(SolutionProperties) = preSolution
		HideSolutionNode = FALSE
	EndGlobalSection
	GlobalSection(ExtensibilityGlobals) = postSolution
		SolutionGuid = {CB979F91-F5DE-482C-8184-E7302C8F65E0}
	EndGlobalSection
EndGlobal
